<?xml version="1.0" encoding="utf-8"?>
<Project ToolsVersion="4.0" xmlns="http://schemas.microsoft.com/developer/msbuild/2003">
  <ItemGroup>
    <Filter Include="Suites">
      <UniqueIdentifier>{84e2fba3-f2cb-4b83-ac7a-8b4bb059b3f2}</UniqueIdentifier>
    </Filter>
    <Filter Include="TestSupport">
      <UniqueIdentifier>{c582bd83-fec8-4f20-8a2e-450a0529ac4f}</UniqueIdentifier>
    </Filter>
    <Filter Include="Tests">
      <UniqueIdentifier>{d7fc07af-167d-400d-bd06-f3054682f6be}</UniqueIdentifier>
    </Filter>
    <Filter Include="Tests\Core">
      <UniqueIdentifier>{a09c8a39-9740-4a29-982e-754440fc30bc}</UniqueIdentifier>
    </Filter>
    <Filter Include="Tests\UnitTestTools">
      <UniqueIdentifier>{0b580a56-69d8-4fe4-aead-1ad621de0712}</UniqueIdentifier>
    </Filter>
    <Filter Include="Tests\Helper">
      <UniqueIdentifier>{c9e10f17-d13f-4e59-8325-f728c0ab328e}</UniqueIdentifier>
    </Filter>
    <Filter Include="Tests\Extension">
      <UniqueIdentifier>{66f3c71e-e5c1-4207-a55a-b1afd5a18c1d}</UniqueIdentifier>
    </Filter>
    <Filter Include="Tests\Output">
      <UniqueIdentifier>{33efffa6-d324-4057-bcd3-15ae944a39e0}</UniqueIdentifier>
    </Filter>
    <Filter Include="Tests\Tools">
      <UniqueIdentifier>{92194a7b-ecdd-4bf0-b46a-8044b410d3cb}</UniqueIdentifier>
    </Filter>
  </ItemGroup>
  <ItemGroup>
    <ClInclude Include="CoreSuite.h">
      <Filter>Suites</Filter>
    </ClInclude>
    <ClInclude Include="CppUnitTestSuite.h">
      <Filter>Suites</Filter>
    </ClInclude>
    <ClInclude Include="ExtensionSuite.h">
      <Filter>Suites</Filter>
    </ClInclude>
    <ClInclude Include="HelperSuite.h">
      <Filter>Suites</Filter>
    </ClInclude>
    <ClInclude Include="OutputSuite.h">
      <Filter>Suites</Filter>
    </ClInclude>
    <ClInclude Include="ToolsSuite.h">
      <Filter>Suites</Filter>
    </ClInclude>
    <ClInclude Include="UnitTestToolSuite.h">
      <Filter>Suites</Filter>
    </ClInclude>
    <ClInclude Include="BaseTestCase.h">
      <Filter>TestSupport</Filter>
    </ClInclude>
    <ClInclude Include="FailureException.h">
      <Filter>TestSupport</Filter>
    </ClInclude>
    <ClInclude Include="MockFunctor.h">
      <Filter>TestSupport</Filter>
    </ClInclude>
    <ClInclude Include="MockProtector.h">
      <Filter>TestSupport</Filter>
    </ClInclude>
    <ClInclude Include="MockTestCase.h">
      <Filter>TestSupport</Filter>
    </ClInclude>
    <ClInclude Include="MockTestListener.h">
      <Filter>TestSupport</Filter>
    </ClInclude>
    <ClInclude Include="SubclassedTestCase.h">
      <Filter>TestSupport</Filter>
    </ClInclude>
    <ClInclude Include="SynchronizedTestResult.h">
      <Filter>TestSupport</Filter>
    </ClInclude>
    <ClInclude Include="TrackedTestCase.h">
      <Filter>TestSupport</Filter>
    </ClInclude>
    <ClInclude Include="ExceptionTest.h">
      <Filter>Tests\Core</Filter>
    </ClInclude>
    <ClInclude Include="MessageTest.h">
      <Filter>Tests\Core</Filter>
    </ClInclude>
    <ClInclude Include="TestAssertTest.h">
      <Filter>Tests\Core</Filter>
    </ClInclude>
    <ClInclude Include="TestCallerTest.h">
      <Filter>Tests\Core</Filter>
    </ClInclude>
    <ClInclude Include="TestCaseTest.h">
      <Filter>Tests\Core</Filter>
    </ClInclude>
    <ClInclude Include="TestFailureTest.h">
      <Filter>Tests\Core</Filter>
    </ClInclude>
    <ClInclude Include="TestPathTest.h">
      <Filter>Tests\Core</Filter>
    </ClInclude>
    <ClInclude Include="TestResultTest.h">
      <Filter>Tests\Core</Filter>
    </ClInclude>
    <ClInclude Include="TestSuiteTest.h">
      <Filter>Tests\Core</Filter>
    </ClInclude>
    <ClInclude Include="TestTest.h">
      <Filter>Tests\Core</Filter>
    </ClInclude>
    <ClInclude Include="XmlUniformiser.h">
      <Filter>Tests\UnitTestTools</Filter>
    </ClInclude>
    <ClInclude Include="XmlUniformiserTest.h">
      <Filter>Tests\UnitTestTools</Filter>
    </ClInclude>
    <ClInclude Include="HelperMacrosTest.h">
      <Filter>Tests\Helper</Filter>
    </ClInclude>
    <ClInclude Include="ExceptionTestCaseDecoratorTest.h">
      <Filter>Tests\Extension</Filter>
    </ClInclude>
    <ClInclude Include="OrthodoxTest.h">
      <Filter>Tests\Extension</Filter>
    </ClInclude>
    <ClInclude Include="RepeatedTestTest.h">
      <Filter>Tests\Extension</Filter>
    </ClInclude>
    <ClInclude Include="TestDecoratorTest.h">
      <Filter>Tests\Extension</Filter>
    </ClInclude>
    <ClInclude Include="TestSetUpTest.h">
      <Filter>Tests\Extension</Filter>
    </ClInclude>
    <ClInclude Include="TestResultCollectorTest.h">
      <Filter>Tests\Output</Filter>
    </ClInclude>
    <ClInclude Include="XmlOutputterTest.h">
      <Filter>Tests\Output</Filter>
    </ClInclude>
    <ClInclude Include="StringToolsTest.h">
      <Filter>Tests\Tools</Filter>
    </ClInclude>
    <ClInclude Include="XmlElementTest.h">
      <Filter>Tests\Tools</Filter>
    </ClInclude>
  </ItemGroup>
  <ItemGroup>
    <ClCompile Include="CppUnitTestSuite.cpp">
      <Filter>Suites</Filter>
    </ClCompile>
    <ClCompile Include="BaseTestCase.cpp">
      <Filter>TestSupport</Filter>
    </ClCompile>
    <ClCompile Include="MockTestCase.cpp">
      <Filter>TestSupport</Filter>
    </ClCompile>
    <ClCompile Include="MockTestListener.cpp">
      <Filter>TestSupport</Filter>
    </ClCompile>
    <ClCompile Include="SubclassedTestCase.cpp">
      <Filter>TestSupport</Filter>
    </ClCompile>
    <ClCompile Include="TrackedTestCase.cpp">
      <Filter>TestSupport</Filter>
    </ClCompile>
    <ClCompile Include="ExceptionTest.cpp">
      <Filter>Tests\Core</Filter>
    </ClCompile>
    <ClCompile Include="MessageTest.cpp">
      <Filter>Tests\Core</Filter>
    </ClCompile>
    <ClCompile Include="TestAssertTest.cpp">
      <Filter>Tests\Core</Filter>
    </ClCompile>
    <ClCompile Include="TestCallerTest.cpp">
      <Filter>Tests\Core</Filter>
    </ClCompile>
    <ClCompile Include="TestCaseTest.cpp">
      <Filter>Tests\Core</Filter>
    </ClCompile>
    <ClCompile Include="TestFailureTest.cpp">
      <Filter>Tests\Core</Filter>
    </ClCompile>
    <ClCompile Include="TestPathTest.cpp">
      <Filter>Tests\Core</Filter>
    </ClCompile>
    <ClCompile Include="TestResultTest.cpp">
      <Filter>Tests\Core</Filter>
    </ClCompile>
    <ClCompile Include="TestSuiteTest.cpp">
      <Filter>Tests\Core</Filter>
    </ClCompile>
    <ClCompile Include="TestTest.cpp">
      <Filter>Tests\Core</Filter>
    </ClCompile>
    <ClCompile Include="XmlUniformiser.cpp">
      <Filter>Tests\UnitTestTools</Filter>
    </ClCompile>
    <ClCompile Include="XmlUniformiserTest.cpp">
      <Filter>Tests\UnitTestTools</Filter>
    </ClCompile>
    <ClCompile Include="HelperMacrosTest.cpp">
      <Filter>Tests\Helper</Filter>
    </ClCompile>
    <ClCompile Include="ExceptionTestCaseDecoratorTest.cpp">
      <Filter>Tests\Extension</Filter>
    </ClCompile>
    <ClCompile Include="OrthodoxTest.cpp">
      <Filter>Tests\Extension</Filter>
    </ClCompile>
    <ClCompile Include="RepeatedTestTest.cpp">
      <Filter>Tests\Extension</Filter>
    </ClCompile>
    <ClCompile Include="TestDecoratorTest.cpp">
      <Filter>Tests\Extension</Filter>
    </ClCompile>
    <ClCompile Include="TestSetUpTest.cpp">
      <Filter>Tests\Extension</Filter>
    </ClCompile>
    <ClCompile Include="TestResultCollectorTest.cpp">
      <Filter>Tests\Output</Filter>
    </ClCompile>
    <ClCompile Include="XmlOutputterTest.cpp">
      <Filter>Tests\Output</Filter>
    </ClCompile>
    <ClCompile Include="StringToolsTest.cpp">
      <Filter>Tests\Tools</Filter>
    </ClCompile>
    <ClCompile Include="XmlElementTest.cpp">
      <Filter>Tests\Tools</Filter>
    </ClCompile>
    <ClCompile Include="CppUnitTestPlugIn.cpp" />
  </ItemGroup>
</Project>